
Microsoft Visual Studio Solution File, Format Version 12.00
# Visual Studio Version 17
VisualStudioVersion = 17.1.32421.90
MinimumVisualStudioVersion = 10.0.40219.1
Project("{FAE04EC0-301F-11D3-BF4B-00C04F79EFBC}") = "Bingo PT", "Bingo PT\Bingo PT.csproj", "{DCFD152D-2458-43B7-9AEC-A5ABE02A2C55}"
EndProject
Global
	GlobalSection(SolutionConfigurationPlatforms) = preSolution
		Debug|Any CPU = Debug|Any CPU
		Release|Any CPU = Release|Any CPU
	EndGlobalSection
	GlobalSection(ProjectConfigurationPlatforms) = postSolution
		{DCFD152D-2458-43B7-9AEC-A5ABE02A2C55}.Debug|Any CPU.ActiveCfg = Debug|Any CPU
		{DCFD152D-2458-43B7-9AEC-A5ABE02A2C55}.Debug|Any CPU.Build.0 = Debug|Any CPU
		{DCFD152D-2458-43B7-9AEC-A5ABE02A2C55}.Release|Any CPU.ActiveCfg = Release|Any CPU
		{DCFD152D-2458-43B7-9AEC-A5ABE02A2C55}.Release|Any CPU.Build.0 = Release|Any CPU
	EndGlobalSection
	GlobalSection(SolutionProperties) = preSolution
		HideSolutionNode = FALSE
	EndGlobalSection
	GlobalSection(ExtensibilityGlobals) = postSolution
		SolutionGuid = {3792DF4B-2961-4C01-ADEA-29F3EF7DBCCF}
	EndGlobalSection
EndGlobal
